
Microsoft Visual Studio Solution File, Format Version 11.00
# Visual Studio 2010
Project("{CC5FD16D-436D-48AD-A40C-5A424C6E3E79}") = "LBTweetWorkerRole", "LBTweetWorkerRole\LBTweetWorkerRole.ccproj", "{01FB121F-4500-4BF4-8365-68EA86045829}"
EndProject
Project("{FAE04EC0-301F-11D3-BF4B-00C04F79EFBC}") = "LBTweetWorker", "LBTweetWorker\LBTweetWorker.csproj", "{2D00124B-C426-4308-AE19-C2205BF7E6B5}"
EndProject
Global
	GlobalSection(SolutionConfigurationPlatforms) = preSolution
		Debug|Any CPU = Debug|Any CPU
		Release|Any CPU = Release|Any CPU
	EndGlobalSection
	GlobalSection(ProjectConfigurationPlatforms) = postSolution
		{01FB121F-4500-4BF4-8365-68EA86045829}.Debug|Any CPU.ActiveCfg = Debug|Any CPU
		{01FB121F-4500-4BF4-8365-68EA86045829}.Debug|Any CPU.Build.0 = Debug|Any CPU
		{01FB121F-4500-4BF4-8365-68EA86045829}.Release|Any CPU.ActiveCfg = Release|Any CPU
		{01FB121F-4500-4BF4-8365-68EA86045829}.Release|Any CPU.Build.0 = Release|Any CPU
		{2D00124B-C426-4308-AE19-C2205BF7E6B5}.Debug|Any CPU.ActiveCfg = Debug|Any CPU
		{2D00124B-C426-4308-AE19-C2205BF7E6B5}.Debug|Any CPU.Build.0 = Debug|Any CPU
		{2D00124B-C426-4308-AE19-C2205BF7E6B5}.Release|Any CPU.ActiveCfg = Release|Any CPU
		{2D00124B-C426-4308-AE19-C2205BF7E6B5}.Release|Any CPU.Build.0 = Release|Any CPU
	EndGlobalSection
	GlobalSection(SolutionProperties) = preSolution
		HideSolutionNode = FALSE
	EndGlobalSection
EndGlobal
